
Microsoft Visual Studio Solution File, Format Version 12.00
# Visual Studio Version 16
VisualStudioVersion = 16.0.29102.190
MinimumVisualStudioVersion = 10.0.40219.1
Project("{FAE04EC0-301F-11D3-BF4B-00C04F79EFBC}") = "LuckyRoulette", "LuckyRoulette.csproj", "{8CD13140-1A01-455B-B010-73BE24A2BC44}"
EndProject
Global
	GlobalSection(SolutionConfigurationPlatforms) = preSolution
		Debug|Any CPU = Debug|Any CPU
		Release|Any CPU = Release|Any CPU
	EndGlobalSection
	GlobalSection(ProjectConfigurationPlatforms) = postSolution
		{8CD13140-1A01-455B-B010-73BE24A2BC44}.Debug|Any CPU.ActiveCfg = Debug|Any CPU
		{8CD13140-1A01-455B-B010-73BE24A2BC44}.Debug|Any CPU.Build.0 = Debug|Any CPU
		{8CD13140-1A01-455B-B010-73BE24A2BC44}.Release|Any CPU.ActiveCfg = Release|Any CPU
		{8CD13140-1A01-455B-B010-73BE24A2BC44}.Release|Any CPU.Build.0 = Release|Any CPU
	EndGlobalSection
	GlobalSection(SolutionProperties) = preSolution
		HideSolutionNode = FALSE
	EndGlobalSection
	GlobalSection(ExtensibilityGlobals) = postSolution
		SolutionGuid = {58447412-DCD0-4EA5-ADFC-C167756B6F75}
	EndGlobalSection
EndGlobal
